
Microsoft Visual Studio Solution File, Format Version 12.00
# Visual Studio Version 16
VisualStudioVersion = 16.0.31005.135
MinimumVisualStudioVersion = 10.0.40219.1
Project("{FAE04EC0-301F-11D3-BF4B-00C04F79EFBC}") = "CapaDatos", "CapaDatos\CapaDatos.csproj", "{D0F4E188-467A-41D2-8D8A-B8758B71439F}"
EndProject
Project("{FAE04EC0-301F-11D3-BF4B-00C04F79EFBC}") = "CapaNegocio", "CapaNegocio\CapaNegocio.csproj", "{2DD99E7F-BE48-40A9-8F94-B2474F25BECC}"
EndProject
Project("{FAE04EC0-301F-11D3-BF4B-00C04F79EFBC}") = "CapaPresentacion", "CapaPresentacion\CapaPresentacion.csproj", "{EF9A75F2-8A34-4851-882A-B905BEC861F1}"
EndProject
Global
	GlobalSection(SolutionConfigurationPlatforms) = preSolution
		Debug|Any CPU = Debug|Any CPU
		Release|Any CPU = Release|Any CPU
	EndGlobalSection
	GlobalSection(ProjectConfigurationPlatforms) = postSolution
		{D0F4E188-467A-41D2-8D8A-B8758B71439F}.Debug|Any CPU.ActiveCfg = Debug|Any CPU
		{D0F4E188-467A-41D2-8D8A-B8758B71439F}.Debug|Any CPU.Build.0 = Debug|Any CPU
		{D0F4E188-467A-41D2-8D8A-B8758B71439F}.Release|Any CPU.ActiveCfg = Release|Any CPU
		{D0F4E188-467A-41D2-8D8A-B8758B71439F}.Release|Any CPU.Build.0 = Release|Any CPU
		{2DD99E7F-BE48-40A9-8F94-B2474F25BECC}.Debug|Any CPU.ActiveCfg = Debug|Any CPU
		{2DD99E7F-BE48-40A9-8F94-B2474F25BECC}.Debug|Any CPU.Build.0 = Debug|Any CPU
		{2DD99E7F-BE48-40A9-8F94-B2474F25BECC}.Release|Any CPU.ActiveCfg = Release|Any CPU
		{2DD99E7F-BE48-40A9-8F94-B2474F25BECC}.Release|Any CPU.Build.0 = Release|Any CPU
		{EF9A75F2-8A34-4851-882A-B905BEC861F1}.Debug|Any CPU.ActiveCfg = Debug|Any CPU
		{EF9A75F2-8A34-4851-882A-B905BEC861F1}.Debug|Any CPU.Build.0 = Debug|Any CPU
		{EF9A75F2-8A34-4851-882A-B905BEC861F1}.Release|Any CPU.ActiveCfg = Release|Any CPU
		{EF9A75F2-8A34-4851-882A-B905BEC861F1}.Release|Any CPU.Build.0 = Release|Any CPU
	EndGlobalSection
	GlobalSection(SolutionProperties) = preSolution
		HideSolutionNode = FALSE
	EndGlobalSection
	GlobalSection(ExtensibilityGlobals) = postSolution
		SolutionGuid = {B70CEAC5-B602-4AD4-9D46-F146F7529788}
	EndGlobalSection
EndGlobal
